# THIS IS AN AUTOGENERATED FILE. DO NOT EDIT THIS FILE DIRECTLY.
# yarn lockfile v1


ansi-escapes@^3.0.0:
  version "3.1.0"
  resolved "https://registry.yarnpkg.com/ansi-escapes/-/ansi-escapes-3.1.0.tgz#f73207bb81207d75fd6c83f125af26eea378ca30"
  integrity sha512-UgAb8H9D41AQnu/PbWlCofQVcnV4Gs2bBJi9eZPxfU/hgglFh3SMDMENRIqdr7H6XFnXdoknctFByVsCOotTVw==

cli-select@^1.0.2:
  version "1.0.2"
  resolved "https://registry.yarnpkg.com/cli-select/-/cli-select-1.0.2.tgz#185c9246b018f0fa014fce2bdeaf4301bbdd552b"
  integrity sha512-V3rne+3zFQcwcI/5QpxnQdovY7sjyG5NsvMBcWI+EQDHLeMQ9yLm7AFXW1iLtUUXKjEIxg03ZCMNbQFvyzoSTQ==
  dependencies:
    ansi-escapes "^3.0.0"
